
Microsoft Visual Studio Solution File, Format Version 12.00
# Visual Studio Version 17
VisualStudioVersion = 17.0.31903.59
MinimumVisualStudioVersion = 10.0.40219.1
Project("{2150E333-8FDC-42A3-9474-1A3956D46DE8}") = "src", "src", "{827E0CD3-B72D-47B6-A68D-7590B98EB39B}"
EndProject
Project("{FAE04EC0-301F-11D3-BF4B-00C04F79EFBC}") = "SuperQA.Api", "src\SuperQA.Api\SuperQA.Api.csproj", "{B7A89F56-088F-485F-8B68-DFE2A357D746}"
EndProject
Project("{FAE04EC0-301F-11D3-BF4B-00C04F79EFBC}") = "SuperQA.Client", "src\SuperQA.Client\SuperQA.Client.csproj", "{3C33D296-2AA0-43C2-9796-324CFF13CC4F}"
EndProject
Project("{FAE04EC0-301F-11D3-BF4B-00C04F79EFBC}") = "SuperQA.Shared", "src\SuperQA.Shared\SuperQA.Shared.csproj", "{B494AD18-68A8-4ABC-B49D-99789EA6F614}"
EndProject
Project("{FAE04EC0-301F-11D3-BF4B-00C04F79EFBC}") = "SuperQA.Core", "src\SuperQA.Core\SuperQA.Core.csproj", "{8A012FBF-42EA-4E22-A1A8-8D2F8DAEA125}"
EndProject
Project("{FAE04EC0-301F-11D3-BF4B-00C04F79EFBC}") = "SuperQA.Infrastructure", "src\SuperQA.Infrastructure\SuperQA.Infrastructure.csproj", "{DAFA195C-40D5-4AFE-9250-3706DBA8C59E}"
EndProject
Project("{FAE04EC0-301F-11D3-BF4B-00C04F79EFBC}") = "SuperQA.Tests", "tests\SuperQA.Tests\SuperQA.Tests.csproj", "{9B33F4EE-994F-4D12-AA9F-8DEAA3C259B4}"
EndProject
Global
	GlobalSection(SolutionConfigurationPlatforms) = preSolution
		Debug|Any CPU = Debug|Any CPU
		Debug|x64 = Debug|x64
		Debug|x86 = Debug|x86
		Release|Any CPU = Release|Any CPU
		Release|x64 = Release|x64
		Release|x86 = Release|x86
	EndGlobalSection
	GlobalSection(ProjectConfigurationPlatforms) = postSolution
		{B7A89F56-088F-485F-8B68-DFE2A357D746}.Debug|Any CPU.ActiveCfg = Debug|Any CPU
		{B7A89F56-088F-485F-8B68-DFE2A357D746}.Debug|Any CPU.Build.0 = Debug|Any CPU
		{B7A89F56-088F-485F-8B68-DFE2A357D746}.Debug|x64.ActiveCfg = Debug|Any CPU
		{B7A89F56-088F-485F-8B68-DFE2A357D746}.Debug|x64.Build.0 = Debug|Any CPU
		{B7A89F56-088F-485F-8B68-DFE2A357D746}.Debug|x86.ActiveCfg = Debug|Any CPU
		{B7A89F56-088F-485F-8B68-DFE2A357D746}.Debug|x86.Build.0 = Debug|Any CPU
		{B7A89F56-088F-485F-8B68-DFE2A357D746}.Release|Any CPU.ActiveCfg = Release|Any CPU
		{B7A89F56-088F-485F-8B68-DFE2A357D746}.Release|Any CPU.Build.0 = Release|Any CPU
		{B7A89F56-088F-485F-8B68-DFE2A357D746}.Release|x64.ActiveCfg = Release|Any CPU
		{B7A89F56-088F-485F-8B68-DFE2A357D746}.Release|x64.Build.0 = Release|Any CPU
		{B7A89F56-088F-485F-8B68-DFE2A357D746}.Release|x86.ActiveCfg = Release|Any CPU
		{B7A89F56-088F-485F-8B68-DFE2A357D746}.Release|x86.Build.0 = Release|Any CPU
		{3C33D296-2AA0-43C2-9796-324CFF13CC4F}.Debug|Any CPU.ActiveCfg = Debug|Any CPU
		{3C33D296-2AA0-43C2-9796-324CFF13CC4F}.Debug|Any CPU.Build.0 = Debug|Any CPU
		{3C33D296-2AA0-43C2-9796-324CFF13CC4F}.Debug|x64.ActiveCfg = Debug|Any CPU
		{3C33D296-2AA0-43C2-9796-324CFF13CC4F}.Debug|x64.Build.0 = Debug|Any CPU
		{3C33D296-2AA0-43C2-9796-324CFF13CC4F}.Debug|x86.ActiveCfg = Debug|Any CPU
		{3C33D296-2AA0-43C2-9796-324CFF13CC4F}.Debug|x86.Build.0 = Debug|Any CPU
		{3C33D296-2AA0-43C2-9796-324CFF13CC4F}.Release|Any CPU.ActiveCfg = Release|Any CPU
		{3C33D296-2AA0-43C2-9796-324CFF13CC4F}.Release|Any CPU.Build.0 = Release|Any CPU
		{3C33D296-2AA0-43C2-9796-324CFF13CC4F}.Release|x64.ActiveCfg = Release|Any CPU
		{3C33D296-2AA0-43C2-9796-324CFF13CC4F}.Release|x64.Build.0 = Release|Any CPU
		{3C33D296-2AA0-43C2-9796-324CFF13CC4F}.Release|x86.ActiveCfg = Release|Any CPU
		{3C33D296-2AA0-43C2-9796-324CFF13CC4F}.Release|x86.Build.0 = Release|Any CPU
		{B494AD18-68A8-4ABC-B49D-99789EA6F614}.Debug|Any CPU.ActiveCfg = Debug|Any CPU
		{B494AD18-68A8-4ABC-B49D-99789EA6F614}.Debug|Any CPU.Build.0 = Debug|Any CPU
		{B494AD18-68A8-4ABC-B49D-99789EA6F614}.Debug|x64.ActiveCfg = Debug|Any CPU
		{B494AD18-68A8-4ABC-B49D-99789EA6F614}.Debug|x64.Build.0 = Debug|Any CPU
		{B494AD18-68A8-4ABC-B49D-99789EA6F614}.Debug|x86.ActiveCfg = Debug|Any CPU
		{B494AD18-68A8-4ABC-B49D-99789EA6F614}.Debug|x86.Build.0 = Debug|Any CPU
		{B494AD18-68A8-4ABC-B49D-99789EA6F614}.Release|Any CPU.ActiveCfg = Release|Any CPU
		{B494AD18-68A8-4ABC-B49D-99789EA6F614}.Release|Any CPU.Build.0 = Release|Any CPU
		{B494AD18-68A8-4ABC-B49D-99789EA6F614}.Release|x64.ActiveCfg = Release|Any CPU
		{B494AD18-68A8-4ABC-B49D-99789EA6F614}.Release|x64.Build.0 = Release|Any CPU
		{B494AD18-68A8-4ABC-B49D-99789EA6F614}.Release|x86.ActiveCfg = Release|Any CPU
		{B494AD18-68A8-4ABC-B49D-99789EA6F614}.Release|x86.Build.0 = Release|Any CPU
		{8A012FBF-42EA-4E22-A1A8-8D2F8DAEA125}.Debug|Any CPU.ActiveCfg = Debug|Any CPU
		{8A012FBF-42EA-4E22-A1A8-8D2F8DAEA125}.Debug|Any CPU.Build.0 = Debug|Any CPU
		{8A012FBF-42EA-4E22-A1A8-8D2F8DAEA125}.Debug|x64.ActiveCfg = Debug|Any CPU
		{8A012FBF-42EA-4E22-A1A8-8D2F8DAEA125}.Debug|x64.Build.0 = Debug|Any CPU
		{8A012FBF-42EA-4E22-A1A8-8D2F8DAEA125}.Debug|x86.ActiveCfg = Debug|Any CPU
		{8A012FBF-42EA-4E22-A1A8-8D2F8DAEA125}.Debug|x86.Build.0 = Debug|Any CPU
		{8A012FBF-42EA-4E22-A1A8-8D2F8DAEA125}.Release|Any CPU.ActiveCfg = Release|Any CPU
		{8A012FBF-42EA-4E22-A1A8-8D2F8DAEA125}.Release|Any CPU.Build.0 = Release|Any CPU
		{8A012FBF-42EA-4E22-A1A8-8D2F8DAEA125}.Release|x64.ActiveCfg = Release|Any CPU
		{8A012FBF-42EA-4E22-A1A8-8D2F8DAEA125}.Release|x64.Build.0 = Release|Any CPU
		{8A012FBF-42EA-4E22-A1A8-8D2F8DAEA125}.Release|x86.ActiveCfg = Release|Any CPU
		{8A012FBF-42EA-4E22-A1A8-8D2F8DAEA125}.Release|x86.Build.0 = Release|Any CPU
		{DAFA195C-40D5-4AFE-9250-3706DBA8C59E}.Debug|Any CPU.ActiveCfg = Debug|Any CPU
		{DAFA195C-40D5-4AFE-9250-3706DBA8C59E}.Debug|Any CPU.Build.0 = Debug|Any CPU
		{DAFA195C-40D5-4AFE-9250-3706DBA8C59E}.Debug|x64.ActiveCfg = Debug|Any CPU
		{DAFA195C-40D5-4AFE-9250-3706DBA8C59E}.Debug|x64.Build.0 = Debug|Any CPU
		{DAFA195C-40D5-4AFE-9250-3706DBA8C59E}.Debug|x86.ActiveCfg = Debug|Any CPU
		{DAFA195C-40D5-4AFE-9250-3706DBA8C59E}.Debug|x86.Build.0 = Debug|Any CPU
		{DAFA195C-40D5-4AFE-9250-3706DBA8C59E}.Release|Any CPU.ActiveCfg = Release|Any CPU
		{DAFA195C-40D5-4AFE-9250-3706DBA8C59E}.Release|Any CPU.Build.0 = Release|Any CPU
		{DAFA195C-40D5-4AFE-9250-3706DBA8C59E}.Release|x64.ActiveCfg = Release|Any CPU
		{DAFA195C-40D5-4AFE-9250-3706DBA8C59E}.Release|x64.Build.0 = Release|Any CPU
		{DAFA195C-40D5-4AFE-9250-3706DBA8C59E}.Release|x86.ActiveCfg = Release|Any CPU
		{DAFA195C-40D5-4AFE-9250-3706DBA8C59E}.Release|x86.Build.0 = Release|Any CPU
		{9B33F4EE-994F-4D12-AA9F-8DEAA3C259B4}.Debug|Any CPU.ActiveCfg = Debug|Any CPU
		{9B33F4EE-994F-4D12-AA9F-8DEAA3C259B4}.Debug|Any CPU.Build.0 = Debug|Any CPU
		{9B33F4EE-994F-4D12-AA9F-8DEAA3C259B4}.Debug|x64.ActiveCfg = Debug|Any CPU
		{9B33F4EE-994F-4D12-AA9F-8DEAA3C259B4}.Debug|x64.Build.0 = Debug|Any CPU
		{9B33F4EE-994F-4D12-AA9F-8DEAA3C259B4}.Debug|x86.ActiveCfg = Debug|Any CPU
		{9B33F4EE-994F-4D12-AA9F-8DEAA3C259B4}.Debug|x86.Build.0 = Debug|Any CPU
		{9B33F4EE-994F-4D12-AA9F-8DEAA3C259B4}.Release|Any CPU.ActiveCfg = Release|Any CPU
		{9B33F4EE-994F-4D12-AA9F-8DEAA3C259B4}.Release|Any CPU.Build.0 = Release|Any CPU
		{9B33F4EE-994F-4D12-AA9F-8DEAA3C259B4}.Release|x64.ActiveCfg = Release|Any CPU
		{9B33F4EE-994F-4D12-AA9F-8DEAA3C259B4}.Release|x64.Build.0 = Release|Any CPU
		{9B33F4EE-994F-4D12-AA9F-8DEAA3C259B4}.Release|x86.ActiveCfg = Release|Any CPU
		{9B33F4EE-994F-4D12-AA9F-8DEAA3C259B4}.Release|x86.Build.0 = Release|Any CPU
	EndGlobalSection
	GlobalSection(SolutionProperties) = preSolution
		HideSolutionNode = FALSE
	EndGlobalSection
	GlobalSection(NestedProjects) = preSolution
		{B7A89F56-088F-485F-8B68-DFE2A357D746} = {827E0CD3-B72D-47B6-A68D-7590B98EB39B}
		{3C33D296-2AA0-43C2-9796-324CFF13CC4F} = {827E0CD3-B72D-47B6-A68D-7590B98EB39B}
		{B494AD18-68A8-4ABC-B49D-99789EA6F614} = {827E0CD3-B72D-47B6-A68D-7590B98EB39B}
		{8A012FBF-42EA-4E22-A1A8-8D2F8DAEA125} = {827E0CD3-B72D-47B6-A68D-7590B98EB39B}
		{DAFA195C-40D5-4AFE-9250-3706DBA8C59E} = {827E0CD3-B72D-47B6-A68D-7590B98EB39B}
		{9B33F4EE-994F-4D12-AA9F-8DEAA3C259B4} = {827E0CD3-B72D-47B6-A68D-7590B98EB39B}
	EndGlobalSection
EndGlobal
